// !$*UTF8*$!
{
	archiveVersion = 1;
	classes = {
	};
	objectVersion = 50;
	objects = {

/* Begin PBXBuildFile section */
		4E1980902188AD1F000BC3FA /* SafeCollection.h in Headers */ = {isa = PBXBuildFile; fileRef = 4E1980882188AC81000BC3FA /* SafeCollection.h */; settings = {ATTRIBUTES = (Public, ); }; };
		4E1980912188AD2A000BC3FA /* SafeCollection.swift in Sources */ = {isa = PBXBuildFile; fileRef = 4E1980892188AC81000BC3FA /* SafeCollection.swift */; };
		4E1980992188AE23000BC3FA /* SafeCollectionTests.swift in Sources */ = {isa = PBXBuildFile; fileRef = 4E1980982188AE23000BC3FA /* SafeCollectionTests.swift */; };
		4E19809B2188AE23000BC3FA /* SafeCollection.framework in Frameworks */ = {isa = PBXBuildFile; fileRef = 4EBE40822188A7FC0008D900 /* SafeCollection.framework */; };
		AA3DF9BC9E0E52088E61113F /* libPods-SafeCollectionTests.a in Frameworks */ = {isa = PBXBuildFile; fileRef = 055D45F64A8A78E75239D740 /* libPods-SafeCollectionTests.a */; };
/* End PBXBuildFile section */

/* Begin PBXContainerItemProxy section */
		4E19809C2188AE23000BC3FA /* PBXContainerItemProxy */ = {
			isa = PBXContainerItemProxy;
			containerPortal = 4EBE40792188A7FC0008D900 /* Project object */;
			proxyType = 1;
			remoteGlobalIDString = 4EBE40812188A7FC0008D900;
			remoteInfo = SafeCollection;
		};
/* End PBXContainerItemProxy section */

/* Begin PBXFileReference section */
		055D45F64A8A78E75239D740 /* libPods-SafeCollectionTests.a */ = {isa = PBXFileReference; explicitFileType = archive.ar; includeInIndex = 0; path = "libPods-SafeCollectionTests.a"; sourceTree = BUILT_PRODUCTS_DIR; };
		118C832A0650B0B367D36759 /* Pods-SafeCollectionTests.release.xcconfig */ = {isa = PBXFileReference; includeInIndex = 1; lastKnownFileType = text.xcconfig; name = "Pods-SafeCollectionTests.release.xcconfig"; path = "Pods/Target Support Files/Pods-SafeCollectionTests/Pods-SafeCollectionTests.release.xcconfig"; sourceTree = "<group>"; };
		43AA002DB64B19BB1B59A9D8 /* Pods-SafeCollectionTests.debug.xcconfig */ = {isa = PBXFileReference; includeInIndex = 1; lastKnownFileType = text.xcconfig; name = "Pods-SafeCollectionTests.debug.xcconfig"; path = "Pods/Target Support Files/Pods-SafeCollectionTests/Pods-SafeCollectionTests.debug.xcconfig"; sourceTree = "<group>"; };
		4E1980882188AC81000BC3FA /* SafeCollection.h */ = {isa = PBXFileReference; fileEncoding = 4; lastKnownFileType = sourcecode.c.h; path = SafeCollection.h; sourceTree = "<group>"; };
		4E1980892188AC81000BC3FA /* SafeCollection.swift */ = {isa = PBXFileReference; fileEncoding = 4; lastKnownFileType = sourcecode.swift; path = SafeCollection.swift; sourceTree = "<group>"; };
		4E19808A2188AC81000BC3FA /* Info.plist */ = {isa = PBXFileReference; fileEncoding = 4; lastKnownFileType = text.plist.xml; path = Info.plist; sourceTree = "<group>"; };
		4E1980962188AE23000BC3FA /* SafeCollectionTests.xctest */ = {isa = PBXFileReference; explicitFileType = wrapper.cfbundle; includeInIndex = 0; path = SafeCollectionTests.xctest; sourceTree = BUILT_PRODUCTS_DIR; };
		4E1980982188AE23000BC3FA /* SafeCollectionTests.swift */ = {isa = PBXFileReference; lastKnownFileType = sourcecode.swift; path = SafeCollectionTests.swift; sourceTree = "<group>"; };
		4E19809A2188AE23000BC3FA /* Info.plist */ = {isa = PBXFileReference; lastKnownFileType = text.plist.xml; path = Info.plist; sourceTree = "<group>"; };
		4EBE40822188A7FC0008D900 /* SafeCollection.framework */ = {isa = PBXFileReference; explicitFileType = wrapper.framework; includeInIndex = 0; path = SafeCollection.framework; sourceTree = BUILT_PRODUCTS_DIR; };
		8D0E554228069C386D9C99B4 /* Pods_SafeCollection.framework */ = {isa = PBXFileReference; explicitFileType = wrapper.framework; includeInIndex = 0; path = Pods_SafeCollection.framework; sourceTree = BUILT_PRODUCTS_DIR; };
/* End PBXFileReference section */

/* Begin PBXFrameworksBuildPhase section */
		4E1980932188AE23000BC3FA /* Frameworks */ = {
			isa = PBXFrameworksBuildPhase;
			buildActionMask = 2147483647;
			files = (
				4E19809B2188AE23000BC3FA /* SafeCollection.framework in Frameworks */,
				AA3DF9BC9E0E52088E61113F /* libPods-SafeCollectionTests.a in Frameworks */,
			);
			runOnlyForDeploymentPostprocessing = 0;
		};
		4EBE407F2188A7FC0008D900 /* Frameworks */ = {
			isa = PBXFrameworksBuildPhase;
			buildActionMask = 2147483647;
			files = (
			);
			runOnlyForDeploymentPostprocessing = 0;
		};
/* End PBXFrameworksBuildPhase section */

/* Begin PBXGroup section */
		34D2B5C9E2ECD7100519A0B0 /* Pods */ = {
			isa = PBXGroup;
			children = (
				43AA002DB64B19BB1B59A9D8 /* Pods-SafeCollectionTests.debug.xcconfig */,
				118C832A0650B0B367D36759 /* Pods-SafeCollectionTests.release.xcconfig */,
			);
			name = Pods;
			sourceTree = "<group>";
		};
		37BF59955BD2A1CF5FD1767C /* Frameworks */ = {
			isa = PBXGroup;
			children = (
				8D0E554228069C386D9C99B4 /* Pods_SafeCollection.framework */,
				055D45F64A8A78E75239D740 /* libPods-SafeCollectionTests.a */,
			);
			name = Frameworks;
			sourceTree = "<group>";
		};
		4E1980872188AC81000BC3FA /* Sources */ = {
			isa = PBXGroup;
			children = (
				4E1980882188AC81000BC3FA /* SafeCollection.h */,
				4E1980892188AC81000BC3FA /* SafeCollection.swift */,
				4E19808A2188AC81000BC3FA /* Info.plist */,
			);
			name = Sources;
			path = ../Sources;
			sourceTree = "<group>";
		};
		4E1980972188AE23000BC3FA /* Tests */ = {
			isa = PBXGroup;
			children = (
				4E1980982188AE23000BC3FA /* SafeCollectionTests.swift */,
				4E19809A2188AE23000BC3FA /* Info.plist */,
			);
			path = Tests;
			sourceTree = "<group>";
		};
		4EBE40782188A7FC0008D900 = {
			isa = PBXGroup;
			children = (
				4E1980872188AC81000BC3FA /* Sources */,
				4E1980972188AE23000BC3FA /* Tests */,
				4EBE40832188A7FC0008D900 /* Products */,
				34D2B5C9E2ECD7100519A0B0 /* Pods */,
				37BF59955BD2A1CF5FD1767C /* Frameworks */,
			);
			sourceTree = "<group>";
		};
		4EBE40832188A7FC0008D900 /* Products */ = {
			isa = PBXGroup;
			children = (
				4EBE40822188A7FC0008D900 /* SafeCollection.framework */,
				4E1980962188AE23000BC3FA /* SafeCollectionTests.xctest */,
			);
			name = Products;
			sourceTree = "<group>";
		};
/* End PBXGroup section */

/* Begin PBXHeadersBuildPhase section */
		4EBE407D2188A7FC0008D900 /* Headers */ = {
			isa = PBXHeadersBuildPhase;
			buildActionMask = 2147483647;
			files = (
				4E1980902188AD1F000BC3FA /* SafeCollection.h in Headers */,
			);
			runOnlyForDeploymentPostprocessing = 0;
		};
/* End PBXHeadersBuildPhase section */

/* Begin PBXNativeTarget section */
		4E1980952188AE23000BC3FA /* SafeCollectionTests */ = {
			isa = PBXNativeTarget;
			buildConfigurationList = 4E19809E2188AE23000BC3FA /* Build configuration list for PBXNativeTarget "SafeCollectionTests" */;
			buildPhases = (
				EAB9C07ADB3C36877E240FE8 /* [CP] Check Pods Manifest.lock */,
				4E1980922188AE23000BC3FA /* Sources */,
				4E1980932188AE23000BC3FA /* Frameworks */,
				4E1980942188AE23000BC3FA /* Resources */,
			);
			buildRules = (
			);
			dependencies = (
				4E19809D2188AE23000BC3FA /* PBXTargetDependency */,
			);
			name = SafeCollectionTests;
			productName = SafeCollectionTests;
			productReference = 4E1980962188AE23000BC3FA /* SafeCollectionTests.xctest */;
			productType = "com.apple.product-type.bundle.unit-test";
		};
		4EBE40812188A7FC0008D900 /* SafeCollection */ = {
			isa = PBXNativeTarget;
			buildConfigurationList = 4EBE40962188A7FC0008D900 /* Build configuration list for PBXNativeTarget "SafeCollection" */;
			buildPhases = (
				4EBE407D2188A7FC0008D900 /* Headers */,
				4EBE407E2188A7FC0008D900 /* Sources */,
				4EBE407F2188A7FC0008D900 /* Frameworks */,
				4EBE40802188A7FC0008D900 /* Resources */,
			);
			buildRules = (
			);
			dependencies = (
			);
			name = SafeCollection;
			productName = SafeCollection;
			productReference = 4EBE40822188A7FC0008D900 /* SafeCollection.framework */;
			productType = "com.apple.product-type.framework";
		};
/* End PBXNativeTarget section */

/* Begin PBXProject section */
		4EBE40792188A7FC0008D900 /* Project object */ = {
			isa = PBXProject;
			attributes = {
				LastSwiftUpdateCheck = 1000;
				LastUpgradeCheck = 1000;
				TargetAttributes = {
					4E1980952188AE23000BC3FA = {
						CreatedOnToolsVersion = 10.0;
					};
					4EBE40812188A7FC0008D900 = {
						CreatedOnToolsVersion = 10.0;
					};
				};
			};
			buildConfigurationList = 4EBE407C2188A7FC0008D900 /* Build configuration list for PBXProject "SafeCollection" */;
			compatibilityVersion = "Xcode 9.3";
			developmentRegion = en;
			hasScannedForEncodings = 0;
			knownRegions = (
				en,
			);
			mainGroup = 4EBE40782188A7FC0008D900;
			productRefGroup = 4EBE40832188A7FC0008D900 /* Products */;
			projectDirPath = "";
			projectRoot = "";
			targets = (
				4EBE40812188A7FC0008D900 /* SafeCollection */,
				4E1980952188AE23000BC3FA /* SafeCollectionTests */,
			);
		};
/* End PBXProject section */

/* Begin PBXResourcesBuildPhase section */
		4E1980942188AE23000BC3FA /* Resources */ = {
			isa = PBXResourcesBuildPhase;
			buildActionMask = 2147483647;
			files = (
			);
			runOnlyForDeploymentPostprocessing = 0;
		};
		4EBE40802188A7FC0008D900 /* Resources */ = {
			isa = PBXResourcesBuildPhase;
			buildActionMask = 2147483647;
			files = (
			);
			runOnlyForDeploymentPostprocessing = 0;
		};
/* End PBXResourcesBuildPhase section */

/* Begin PBXShellScriptBuildPhase section */
		EAB9C07ADB3C36877E240FE8 /* [CP] Check Pods Manifest.lock */ = {
			isa = PBXShellScriptBuildPhase;
			buildActionMask = 2147483647;
			files = (
			);
			inputFileListPaths = (
			);
			inputPaths = (
				"${PODS_PODFILE_DIR_PATH}/Podfile.lock",
				"${PODS_ROOT}/Manifest.lock",
			);
			name = "[CP] Check Pods Manifest.lock";
			outputFileListPaths = (
			);
			outputPaths = (
				"$(DERIVED_FILE_DIR)/Pods-SafeCollectionTests-checkManifestLockResult.txt",
			);
			runOnlyForDeploymentPostprocessing = 0;
			shellPath = /bin/sh;
			shellScript = "diff \"${PODS_PODFILE_DIR_PATH}/Podfile.lock\" \"${PODS_ROOT}/Manifest.lock\" > /dev/null\nif [ $? != 0 ] ; then\n    # print error to STDERR\n    echo \"error: The sandbox is not in sync with the Podfile.lock. Run 'pod install' or update your CocoaPods installation.\" >&2\n    exit 1\nfi\n# This output is used by Xcode 'outputs' to avoid re-running this script phase.\necho \"SUCCESS\" > \"${SCRIPT_OUTPUT_FILE_0}\"\n";
			showEnvVarsInLog = 0;
		};
/* End PBXShellScriptBuildPhase section */

/* Begin PBXSourcesBuildPhase section */
		4E1980922188AE23000BC3FA /* Sources */ = {
			isa = PBXSourcesBuildPhase;
			buildActionMask = 2147483647;
			files = (
				4E1980992188AE23000BC3FA /* SafeCollectionTests.swift in Sources */,
			);
			runOnlyForDeploymentPostprocessing = 0;
		};
		4EBE407E2188A7FC0008D900 /* Sources */ = {
			isa = PBXSourcesBuildPhase;
			buildActionMask = 2147483647;
			files = (
				4E1980912188AD2A000BC3FA /* SafeCollection.swift in Sources */,
			);
			runOnlyForDeploymentPostprocessing = 0;
		};
/* End PBXSourcesBuildPhase section */

/* Begin PBXTargetDependency section */
		4E19809D2188AE23000BC3FA /* PBXTargetDependency */ = {
			isa = PBXTargetDependency;
			target = 4EBE40812188A7FC0008D900 /* SafeCollection */;
			targetProxy = 4E19809C2188AE23000BC3FA /* PBXContainerItemProxy */;
		};
/* End PBXTargetDependency section */

/* Begin XCBuildConfiguration section */
		4E19809F2188AE23000BC3FA /* Debug */ = {
			isa = XCBuildConfiguration;
			baseConfigurationReference = 43AA002DB64B19BB1B59A9D8 /* Pods-SafeCollectionTests.debug.xcconfig */;
			buildSettings = {
				CODE_SIGN_STYLE = Manual;
				DEVELOPMENT_TEAM = "";
				INFOPLIST_FILE = Tests/Info.plist;
				LD_RUNPATH_SEARCH_PATHS = (
					"$(inherited)",
					"@executable_path/Frameworks",
					"@loader_path/Frameworks",
				);
				PRODUCT_BUNDLE_IDENTIFIER = safeCollection.SafeCollectionTests;
				PRODUCT_NAME = "$(TARGET_NAME)";
				PROVISIONING_PROFILE_SPECIFIER = "";
				SWIFT_VERSION = 4.2;
				TARGETED_DEVICE_FAMILY = "1,2";
			};
			name = Debug;
		};
		4E1980A02188AE23000BC3FA /* Release */ = {
			isa = XCBuildConfiguration;
			baseConfigurationReference = 118C832A0650B0B367D36759 /* Pods-SafeCollectionTests.release.xcconfig */;
			buildSettings = {
				CODE_SIGN_STYLE = Manual;
				DEVELOPMENT_TEAM = "";
				INFOPLIST_FILE = Tests/Info.plist;
				LD_RUNPATH_SEARCH_PATHS = (
					"$(inherited)",
					"@executable_path/Frameworks",
					"@loader_path/Frameworks",
				);
				PRODUCT_BUNDLE_IDENTIFIER = safeCollection.SafeCollectionTests;
				PRODUCT_NAME = "$(TARGET_NAME)";
				PROVISIONING_PROFILE_SPECIFIER = "";
				SWIFT_VERSION = 4.2;
				TARGETED_DEVICE_FAMILY = "1,2";
			};
			name = Release;
		};
		4EBE40942188A7FC0008D900 /* Debug */ = {
			isa = XCBuildConfiguration;
			buildSettings = {
				ALWAYS_SEARCH_USER_PATHS = NO;
				CLANG_ANALYZER_NONNULL = YES;
				CLANG_ANALYZER_NUMBER_OBJECT_CONVERSION = YES_AGGRESSIVE;
				CLANG_CXX_LANGUAGE_STANDARD = "gnu++14";
				CLANG_CXX_LIBRARY = "libc++";
				CLANG_ENABLE_MODULES = YES;
				CLANG_ENABLE_OBJC_ARC = YES;
				CLANG_ENABLE_OBJC_WEAK = YES;
				CLANG_WARN_BLOCK_CAPTURE_AUTORELEASING = YES;
				CLANG_WARN_BOOL_CONVERSION = YES;
				CLANG_WARN_COMMA = YES;
				CLANG_WARN_CONSTANT_CONVERSION = YES;
				CLANG_WARN_DEPRECATED_OBJC_IMPLEMENTATIONS = YES;
				CLANG_WARN_DIRECT_OBJC_ISA_USAGE = YES_ERROR;
				CLANG_WARN_DOCUMENTATION_COMMENTS = YES;
				CLANG_WARN_EMPTY_BODY = YES;
				CLANG_WARN_ENUM_CONVERSION = YES;
				CLANG_WARN_INFINITE_RECURSION = YES;
				CLANG_WARN_INT_CONVERSION = YES;
				CLANG_WARN_NON_LITERAL_NULL_CONVERSION = YES;
				CLANG_WARN_OBJC_IMPLICIT_RETAIN_SELF = YES;
				CLANG_WARN_OBJC_LITERAL_CONVERSION = YES;
				CLANG_WARN_OBJC_ROOT_CLASS = YES_ERROR;
				CLANG_WARN_RANGE_LOOP_ANALYSIS = YES;
				CLANG_WARN_STRICT_PROTOTYPES = YES;
				CLANG_WARN_SUSPICIOUS_MOVE = YES;
				CLANG_WARN_UNGUARDED_AVAILABILITY = YES_AGGRESSIVE;
				CLANG_WARN_UNREACHABLE_CODE = YES;
				CLANG_WARN__DUPLICATE_METHOD_MATCH = YES;
				COPY_PHASE_STRIP = NO;
				CURRENT_PROJECT_VERSION = 1;
				DEBUG_INFORMATION_FORMAT = dwarf;
				ENABLE_STRICT_OBJC_MSGSEND = YES;
				ENABLE_TESTABILITY = YES;
				GCC_C_LANGUAGE_STANDARD = gnu11;
				GCC_DYNAMIC_NO_PIC = NO;
				GCC_NO_COMMON_BLOCKS = YES;
				GCC_OPTIMIZATION_LEVEL = 0;
				GCC_PREPROCESSOR_DEFINITIONS = (
					"DEBUG=1",
					"$(inherited)",
				);
				GCC_WARN_64_TO_32_BIT_CONVERSION = YES;
				GCC_WARN_ABOUT_RETURN_TYPE = YES_ERROR;
				GCC_WARN_UNDECLARED_SELECTOR = YES;
				GCC_WARN_UNINITIALIZED_AUTOS = YES_AGGRESSIVE;
				GCC_WARN_UNUSED_FUNCTION = YES;
				GCC_WARN_UNUSED_VARIABLE = YES;
				IPHONEOS_DEPLOYMENT_TARGET = 8.0;
				MTL_ENABLE_DEBUG_INFO = INCLUDE_SOURCE;
				MTL_FAST_MATH = YES;
				ONLY_ACTIVE_ARCH = YES;
				SDKROOT = iphoneos;
				SWIFT_ACTIVE_COMPILATION_CONDITIONS = DEBUG;
				SWIFT_OPTIMIZATION_LEVEL = "-Onone";
				VERSIONING_SYSTEM = "apple-generic";
				VERSION_INFO_PREFIX = "";
			};
			name = Debug;
		};
		4EBE40952188A7FC0008D900 /* Release */ = {
			isa = XCBuildConfiguration;
			buildSettings = {
				ALWAYS_SEARCH_USER_PATHS = NO;
				CLANG_ANALYZER_NONNULL = YES;
				CLANG_ANALYZER_NUMBER_OBJECT_CONVERSION = YES_AGGRESSIVE;
				CLANG_CXX_LANGUAGE_STANDARD = "gnu++14";
				CLANG_CXX_LIBRARY = "libc++";
				CLANG_ENABLE_MODULES = YES;
				CLANG_ENABLE_OBJC_ARC = YES;
				CLANG_ENABLE_OBJC_WEAK = YES;
				CLANG_WARN_BLOCK_CAPTURE_AUTORELEASING = YES;
				CLANG_WARN_BOOL_CONVERSION = YES;
				CLANG_WARN_COMMA = YES;
				CLANG_WARN_CONSTANT_CONVERSION = YES;
				CLANG_WARN_DEPRECATED_OBJC_IMPLEMENTATIONS = YES;
				CLANG_WARN_DIRECT_OBJC_ISA_USAGE = YES_ERROR;
				CLANG_WARN_DOCUMENTATION_COMMENTS = YES;
				CLANG_WARN_EMPTY_BODY = YES;
				CLANG_WARN_ENUM_CONVERSION = YES;
				CLANG_WARN_INFINITE_RECURSION = YES;
				CLANG_WARN_INT_CONVERSION = YES;
				CLANG_WARN_NON_LITERAL_NULL_CONVERSION = YES;
				CLANG_WARN_OBJC_IMPLICIT_RETAIN_SELF = YES;
				CLANG_WARN_OBJC_LITERAL_CONVERSION = YES;
				CLANG_WARN_OBJC_ROOT_CLASS = YES_ERROR;
				CLANG_WARN_RANGE_LOOP_ANALYSIS = YES;
				CLANG_WARN_STRICT_PROTOTYPES = YES;
				CLANG_WARN_SUSPICIOUS_MOVE = YES;
				CLANG_WARN_UNGUARDED_AVAILABILITY = YES_AGGRESSIVE;
				CLANG_WARN_UNREACHABLE_CODE = YES;
				CLANG_WARN__DUPLICATE_METHOD_MATCH = YES;
				COPY_PHASE_STRIP = NO;
				CURRENT_PROJECT_VERSION = 1;
				DEBUG_INFORMATION_FORMAT = "dwarf-with-dsym";
				ENABLE_NS_ASSERTIONS = NO;
				ENABLE_STRICT_OBJC_MSGSEND = YES;
				GCC_C_LANGUAGE_STANDARD = gnu11;
				GCC_NO_COMMON_BLOCKS = YES;
				GCC_WARN_64_TO_32_BIT_CONVERSION = YES;
				GCC_WARN_ABOUT_RETURN_TYPE = YES_ERROR;
				GCC_WARN_UNDECLARED_SELECTOR = YES;
				GCC_WARN_UNINITIALIZED_AUTOS = YES_AGGRESSIVE;
				GCC_WARN_UNUSED_FUNCTION = YES;
				GCC_WARN_UNUSED_VARIABLE = YES;
				IPHONEOS_DEPLOYMENT_TARGET = 8.0;
				MTL_ENABLE_DEBUG_INFO = NO;
				MTL_FAST_MATH = YES;
				SDKROOT = iphoneos;
				SWIFT_COMPILATION_MODE = wholemodule;
				SWIFT_OPTIMIZATION_LEVEL = "-O";
				VALIDATE_PRODUCT = YES;
				VERSIONING_SYSTEM = "apple-generic";
				VERSION_INFO_PREFIX = "";
			};
			name = Release;
		};
		4EBE40972188A7FC0008D900 /* Debug */ = {
			isa = XCBuildConfiguration;
			buildSettings = {
				CODE_SIGN_IDENTITY = "";
				CODE_SIGN_STYLE = Manual;
				DEFINES_MODULE = YES;
				DEVELOPMENT_TEAM = "";
				DYLIB_COMPATIBILITY_VERSION = 1;
				DYLIB_CURRENT_VERSION = 1;
				DYLIB_INSTALL_NAME_BASE = "@rpath";
				INFOPLIST_FILE = "$(SRCROOT)/../Sources/Info.plist";
				INSTALL_PATH = "$(LOCAL_LIBRARY_DIR)/Frameworks";
				LD_RUNPATH_SEARCH_PATHS = (
					"$(inherited)",
					"@executable_path/Frameworks",
					"@loader_path/Frameworks",
				);
				PRODUCT_BUNDLE_IDENTIFIER = safeCollection.SafeCollection;
				PRODUCT_NAME = "$(TARGET_NAME:c99extidentifier)";
				PROVISIONING_PROFILE_SPECIFIER = "";
				SKIP_INSTALL = YES;
				SWIFT_VERSION = 4.2;
				TARGETED_DEVICE_FAMILY = "1,2";
			};
			name = Debug;
		};
		4EBE40982188A7FC0008D900 /* Release */ = {
			isa = XCBuildConfiguration;
			buildSettings = {
				CODE_SIGN_IDENTITY = "";
				CODE_SIGN_STYLE = Manual;
				DEFINES_MODULE = YES;
				DEVELOPMENT_TEAM = "";
				DYLIB_COMPATIBILITY_VERSION = 1;
				DYLIB_CURRENT_VERSION = 1;
				DYLIB_INSTALL_NAME_BASE = "@rpath";
				INFOPLIST_FILE = "$(SRCROOT)/../Sources/Info.plist";
				INSTALL_PATH = "$(LOCAL_LIBRARY_DIR)/Frameworks";
				LD_RUNPATH_SEARCH_PATHS = (
					"$(inherited)",
					"@executable_path/Frameworks",
					"@loader_path/Frameworks",
				);
				PRODUCT_BUNDLE_IDENTIFIER = safeCollection.SafeCollection;
				PRODUCT_NAME = "$(TARGET_NAME:c99extidentifier)";
				PROVISIONING_PROFILE_SPECIFIER = "";
				SKIP_INSTALL = YES;
				SWIFT_VERSION = 4.2;
				TARGETED_DEVICE_FAMILY = "1,2";
			};
			name = Release;
		};
/* End XCBuildConfiguration section */

/* Begin XCConfigurationList section */
		4E19809E2188AE23000BC3FA /* Build configuration list for PBXNativeTarget "SafeCollectionTests" */ = {
			isa = XCConfigurationList;
			buildConfigurations = (
				4E19809F2188AE23000BC3FA /* Debug */,
				4E1980A02188AE23000BC3FA /* Release */,
			);
			defaultConfigurationIsVisible = 0;
			defaultConfigurationName = Release;
		};
		4EBE407C2188A7FC0008D900 /* Build configuration list for PBXProject "SafeCollection" */ = {
			isa = XCConfigurationList;
			buildConfigurations = (
				4EBE40942188A7FC0008D900 /* Debug */,
				4EBE40952188A7FC0008D900 /* Release */,
			);
			defaultConfigurationIsVisible = 0;
			defaultConfigurationName = Release;
		};
		4EBE40962188A7FC0008D900 /* Build configuration list for PBXNativeTarget "SafeCollection" */ = {
			isa = XCConfigurationList;
			buildConfigurations = (
				4EBE40972188A7FC0008D900 /* Debug */,
				4EBE40982188A7FC0008D900 /* Release */,
			);
			defaultConfigurationIsVisible = 0;
			defaultConfigurationName = Release;
		};
/* End XCConfigurationList section */
	};
	rootObject = 4EBE40792188A7FC0008D900 /* Project object */;
}
